
Microsoft Visual Studio Solution File, Format Version 12.00
# Visual Studio Version 17
VisualStudioVersion = 17.5.33627.172
MinimumVisualStudioVersion = 10.0.40219.1
Project("{FAE04EC0-301F-11D3-BF4B-00C04F79EFBC}") = "online-store", "online-store\online-store.csproj", "{25728F18-5116-4038-940D-A02150D56EBF}"
EndProject
Global
	GlobalSection(SolutionConfigurationPlatforms) = preSolution
		Debug|Any CPU = Debug|Any CPU
		Release|Any CPU = Release|Any CPU
	EndGlobalSection
	GlobalSection(ProjectConfigurationPlatforms) = postSolution
		{25728F18-5116-4038-940D-A02150D56EBF}.Debug|Any CPU.ActiveCfg = Debug|Any CPU
		{25728F18-5116-4038-940D-A02150D56EBF}.Debug|Any CPU.Build.0 = Debug|Any CPU
		{25728F18-5116-4038-940D-A02150D56EBF}.Release|Any CPU.ActiveCfg = Release|Any CPU
		{25728F18-5116-4038-940D-A02150D56EBF}.Release|Any CPU.Build.0 = Release|Any CPU
	EndGlobalSection
	GlobalSection(SolutionProperties) = preSolution
		HideSolutionNode = FALSE
	EndGlobalSection
	GlobalSection(ExtensibilityGlobals) = postSolution
		SolutionGuid = {EFBDA9B2-A1FB-406B-BD47-42967C746060}
	EndGlobalSection
EndGlobal
